
Microsoft Visual Studio Solution File, Format Version 12.00
# Visual Studio Version 16
VisualStudioVersion = 16.0.34601.136
MinimumVisualStudioVersion = 10.0.40219.1
Project("{FAE04EC0-301F-11D3-BF4B-00C04F79EFBC}") = "demoLocalStorage1", "demoLocalStorage1\demoLocalStorage1.csproj", "{5ED54BEC-18A0-4068-950E-20CB3090B400}"
EndProject
Global
	GlobalSection(SolutionConfigurationPlatforms) = preSolution
		Debug|Any CPU = Debug|Any CPU
		Release|Any CPU = Release|Any CPU
	EndGlobalSection
	GlobalSection(ProjectConfigurationPlatforms) = postSolution
		{5ED54BEC-18A0-4068-950E-20CB3090B400}.Debug|Any CPU.ActiveCfg = Debug|Any CPU
		{5ED54BEC-18A0-4068-950E-20CB3090B400}.Debug|Any CPU.Build.0 = Debug|Any CPU
		{5ED54BEC-18A0-4068-950E-20CB3090B400}.Release|Any CPU.ActiveCfg = Release|Any CPU
		{5ED54BEC-18A0-4068-950E-20CB3090B400}.Release|Any CPU.Build.0 = Release|Any CPU
	EndGlobalSection
	GlobalSection(SolutionProperties) = preSolution
		HideSolutionNode = FALSE
	EndGlobalSection
	GlobalSection(ExtensibilityGlobals) = postSolution
		SolutionGuid = {C414C8A9-79C4-4302-A82C-FD3DC0F304EE}
	EndGlobalSection
EndGlobal
